
Microsoft Visual Studio Solution File, Format Version 12.00
# Visual Studio Version 16
VisualStudioVersion = 16.0.31424.327
MinimumVisualStudioVersion = 10.0.40219.1
Project("{9A19103F-16F7-4668-BE54-9A1E7A4F7556}") = "First", "First\First.csproj", "{F0C5E7D3-4CA0-4F5F-9075-B85C10CB67CF}"
EndProject
Project("{9A19103F-16F7-4668-BE54-9A1E7A4F7556}") = "QdnSeleniumDriver", "QdnSeleniumDriver\QdnSeleniumDriver.csproj", "{7CEB1124-CCC6-4136-84C6-E893121C604B}"
EndProject
Project("{FAE04EC0-301F-11D3-BF4B-00C04F79EFBC}") = "ConsoleApp1", "ConsoleApp1\ConsoleApp1.csproj", "{6A4742E2-F735-40DD-AB7E-DBF8EE646D6E}"
EndProject
Project("{FAE04EC0-301F-11D3-BF4B-00C04F79EFBC}") = "TestProject", "TestProject\TestProject.csproj", "{1403C1CB-B37D-4EAC-9AF5-12C095942CF8}"
EndProject
Global
	GlobalSection(SolutionConfigurationPlatforms) = preSolution
		Debug|Any CPU = Debug|Any CPU
		Release|Any CPU = Release|Any CPU
	EndGlobalSection
	GlobalSection(ProjectConfigurationPlatforms) = postSolution
		{F0C5E7D3-4CA0-4F5F-9075-B85C10CB67CF}.Debug|Any CPU.ActiveCfg = Debug|Any CPU
		{F0C5E7D3-4CA0-4F5F-9075-B85C10CB67CF}.Debug|Any CPU.Build.0 = Debug|Any CPU
		{F0C5E7D3-4CA0-4F5F-9075-B85C10CB67CF}.Release|Any CPU.ActiveCfg = Release|Any CPU
		{F0C5E7D3-4CA0-4F5F-9075-B85C10CB67CF}.Release|Any CPU.Build.0 = Release|Any CPU
		{7CEB1124-CCC6-4136-84C6-E893121C604B}.Debug|Any CPU.ActiveCfg = Debug|Any CPU
		{7CEB1124-CCC6-4136-84C6-E893121C604B}.Debug|Any CPU.Build.0 = Debug|Any CPU
		{7CEB1124-CCC6-4136-84C6-E893121C604B}.Release|Any CPU.ActiveCfg = Release|Any CPU
		{7CEB1124-CCC6-4136-84C6-E893121C604B}.Release|Any CPU.Build.0 = Release|Any CPU
		{6A4742E2-F735-40DD-AB7E-DBF8EE646D6E}.Debug|Any CPU.ActiveCfg = Debug|Any CPU
		{6A4742E2-F735-40DD-AB7E-DBF8EE646D6E}.Debug|Any CPU.Build.0 = Debug|Any CPU
		{6A4742E2-F735-40DD-AB7E-DBF8EE646D6E}.Release|Any CPU.ActiveCfg = Release|Any CPU
		{6A4742E2-F735-40DD-AB7E-DBF8EE646D6E}.Release|Any CPU.Build.0 = Release|Any CPU
		{1403C1CB-B37D-4EAC-9AF5-12C095942CF8}.Debug|Any CPU.ActiveCfg = Debug|Any CPU
		{1403C1CB-B37D-4EAC-9AF5-12C095942CF8}.Debug|Any CPU.Build.0 = Debug|Any CPU
		{1403C1CB-B37D-4EAC-9AF5-12C095942CF8}.Release|Any CPU.ActiveCfg = Release|Any CPU
		{1403C1CB-B37D-4EAC-9AF5-12C095942CF8}.Release|Any CPU.Build.0 = Release|Any CPU
	EndGlobalSection
	GlobalSection(SolutionProperties) = preSolution
		HideSolutionNode = FALSE
	EndGlobalSection
	GlobalSection(ExtensibilityGlobals) = postSolution
		SolutionGuid = {29EC783B-8A01-4682-A8B3-EC8E47FA0718}
	EndGlobalSection
EndGlobal
